// !$*UTF8*$!
{
	archiveVersion = 1;
	classes = {
	};
	objectVersion = 46;
	objects = {

/* Begin PBXBuildFile section */
		E60064EE1C977D41004A2AB4 /* bite.wav in Resources */ = {isa = PBXBuildFile; fileRef = E60064E91C977D41004A2AB4 /* bite.wav */; };
		E60064EF1C977D41004A2AB4 /* cave-music.mp3 in Resources */ = {isa = PBXBuildFile; fileRef = E60064EA1C977D41004A2AB4 /* cave-music.mp3 */; };
		E60064F01C977D41004A2AB4 /* death.wav in Resources */ = {isa = PBXBuildFile; fileRef = E60064EB1C977D41004A2AB4 /* death.wav */; };
		E60064F11C977D41004A2AB4 /* heart.wav in Resources */ = {isa = PBXBuildFile; fileRef = E60064EC1C977D41004A2AB4 /* heart.wav */; };
		E60064F21C977D41004A2AB4 /* skull.wav in Resources */ = {isa = PBXBuildFile; fileRef = E60064ED1C977D41004A2AB4 /* skull.wav */; };
		E63C405C1C941A1B002FC0F2 /* AppDelegate.swift in Sources */ = {isa = PBXBuildFile; fileRef = E63C405B1C941A1B002FC0F2 /* AppDelegate.swift */; };
		E63C405E1C941A1B002FC0F2 /* ViewController.swift in Sources */ = {isa = PBXBuildFile; fileRef = E63C405D1C941A1B002FC0F2 /* ViewController.swift */; };
		E63C40611C941A1B002FC0F2 /* Main.storyboard in Resources */ = {isa = PBXBuildFile; fileRef = E63C405F1C941A1B002FC0F2 /* Main.storyboard */; };
		E63C40631C941A1B002FC0F2 /* Assets.xcassets in Resources */ = {isa = PBXBuildFile; fileRef = E63C40621C941A1B002FC0F2 /* Assets.xcassets */; };
		E63C40661C941A1B002FC0F2 /* LaunchScreen.storyboard in Resources */ = {isa = PBXBuildFile; fileRef = E63C40641C941A1B002FC0F2 /* LaunchScreen.storyboard */; };
		E63C406E1C9426DA002FC0F2 /* DragImg.swift in Sources */ = {isa = PBXBuildFile; fileRef = E63C406D1C9426DA002FC0F2 /* DragImg.swift */; };
		E682B99B1C9558E900819B6D /* MonsterImg.swift in Sources */ = {isa = PBXBuildFile; fileRef = E682B99A1C9558E900819B6D /* MonsterImg.swift */; };
/* End PBXBuildFile section */

/* Begin PBXFileReference section */
		E60064E91C977D41004A2AB4 /* bite.wav */ = {isa = PBXFileReference; lastKnownFileType = audio.wav; path = bite.wav; sourceTree = "<group>"; };
		E60064EA1C977D41004A2AB4 /* cave-music.mp3 */ = {isa = PBXFileReference; lastKnownFileType = audio.mp3; path = "cave-music.mp3"; sourceTree = "<group>"; };
		E60064EB1C977D41004A2AB4 /* death.wav */ = {isa = PBXFileReference; lastKnownFileType = audio.wav; path = death.wav; sourceTree = "<group>"; };
		E60064EC1C977D41004A2AB4 /* heart.wav */ = {isa = PBXFileReference; lastKnownFileType = audio.wav; path = heart.wav; sourceTree = "<group>"; };
		E60064ED1C977D41004A2AB4 /* skull.wav */ = {isa = PBXFileReference; lastKnownFileType = audio.wav; path = skull.wav; sourceTree = "<group>"; };
		E63C40581C941A1B002FC0F2 /* mylittlemonster.app */ = {isa = PBXFileReference; explicitFileType = wrapper.application; includeInIndex = 0; path = mylittlemonster.app; sourceTree = BUILT_PRODUCTS_DIR; };
		E63C405B1C941A1B002FC0F2 /* AppDelegate.swift */ = {isa = PBXFileReference; lastKnownFileType = sourcecode.swift; path = AppDelegate.swift; sourceTree = "<group>"; };
		E63C405D1C941A1B002FC0F2 /* ViewController.swift */ = {isa = PBXFileReference; lastKnownFileType = sourcecode.swift; path = ViewController.swift; sourceTree = "<group>"; };
		E63C40601C941A1B002FC0F2 /* Base */ = {isa = PBXFileReference; lastKnownFileType = file.storyboard; name = Base; path = Base.lproj/Main.storyboard; sourceTree = "<group>"; };
		E63C40621C941A1B002FC0F2 /* Assets.xcassets */ = {isa = PBXFileReference; lastKnownFileType = folder.assetcatalog; path = Assets.xcassets; sourceTree = "<group>"; };
		E63C40651C941A1B002FC0F2 /* Base */ = {isa = PBXFileReference; lastKnownFileType = file.storyboard; name = Base; path = Base.lproj/LaunchScreen.storyboard; sourceTree = "<group>"; };
		E63C40671C941A1B002FC0F2 /* Info.plist */ = {isa = PBXFileReference; lastKnownFileType = text.plist.xml; path = Info.plist; sourceTree = "<group>"; };
		E63C406D1C9426DA002FC0F2 /* DragImg.swift */ = {isa = PBXFileReference; fileEncoding = 4; lastKnownFileType = sourcecode.swift; path = DragImg.swift; sourceTree = "<group>"; };
		E682B99A1C9558E900819B6D /* MonsterImg.swift */ = {isa = PBXFileReference; fileEncoding = 4; lastKnownFileType = sourcecode.swift; path = MonsterImg.swift; sourceTree = "<group>"; };
/* End PBXFileReference section */

/* Begin PBXFrameworksBuildPhase section */
		E63C40551C941A1B002FC0F2 /* Frameworks */ = {
			isa = PBXFrameworksBuildPhase;
			buildActionMask = 2147483647;
			files = (
			);
			runOnlyForDeploymentPostprocessing = 0;
		};
/* End PBXFrameworksBuildPhase section */

/* Begin PBXGroup section */
		E63C404F1C941A1B002FC0F2 = {
			isa = PBXGroup;
			children = (
				E63C405A1C941A1B002FC0F2 /* mylittlemonster */,
				E63C40591C941A1B002FC0F2 /* Products */,
			);
			sourceTree = "<group>";
		};
		E63C40591C941A1B002FC0F2 /* Products */ = {
			isa = PBXGroup;
			children = (
				E63C40581C941A1B002FC0F2 /* mylittlemonster.app */,
			);
			name = Products;
			sourceTree = "<group>";
		};
		E63C405A1C941A1B002FC0F2 /* mylittlemonster */ = {
			isa = PBXGroup;
			children = (
				E60064E91C977D41004A2AB4 /* bite.wav */,
				E60064EA1C977D41004A2AB4 /* cave-music.mp3 */,
				E60064EB1C977D41004A2AB4 /* death.wav */,
				E60064EC1C977D41004A2AB4 /* heart.wav */,
				E60064ED1C977D41004A2AB4 /* skull.wav */,
				E63C405B1C941A1B002FC0F2 /* AppDelegate.swift */,
				E63C405D1C941A1B002FC0F2 /* ViewController.swift */,
				E63C405F1C941A1B002FC0F2 /* Main.storyboard */,
				E63C40621C941A1B002FC0F2 /* Assets.xcassets */,
				E63C40641C941A1B002FC0F2 /* LaunchScreen.storyboard */,
				E63C40671C941A1B002FC0F2 /* Info.plist */,
				E63C406D1C9426DA002FC0F2 /* DragImg.swift */,
				E682B99A1C9558E900819B6D /* MonsterImg.swift */,
			);
			path = mylittlemonster;
			sourceTree = "<group>";
		};
/* End PBXGroup section */

/* Begin PBXNativeTarget section */
		E63C40571C941A1B002FC0F2 /* mylittlemonster */ = {
			isa = PBXNativeTarget;
			buildConfigurationList = E63C406A1C941A1B002FC0F2 /* Build configuration list for PBXNativeTarget "mylittlemonster" */;
			buildPhases = (
				E63C40541C941A1B002FC0F2 /* Sources */,
				E63C40551C941A1B002FC0F2 /* Frameworks */,
				E63C40561C941A1B002FC0F2 /* Resources */,
			);
			buildRules = (
			);
			dependencies = (
			);
			name = mylittlemonster;
			productName = mylittlemonster;
			productReference = E63C40581C941A1B002FC0F2 /* mylittlemonster.app */;
			productType = "com.apple.product-type.application";
		};
/* End PBXNativeTarget section */

/* Begin PBXProject section */
		E63C40501C941A1B002FC0F2 /* Project object */ = {
			isa = PBXProject;
			attributes = {
				LastSwiftUpdateCheck = 0720;
				LastUpgradeCheck = 0720;
				ORGANIZATIONNAME = "Nikema Prophet";
				TargetAttributes = {
					E63C40571C941A1B002FC0F2 = {
						CreatedOnToolsVersion = 7.2.1;
					};
				};
			};
			buildConfigurationList = E63C40531C941A1B002FC0F2 /* Build configuration list for PBXProject "mylittlemonster" */;
			compatibilityVersion = "Xcode 3.2";
			developmentRegion = English;
			hasScannedForEncodings = 0;
			knownRegions = (
				en,
				Base,
			);
			mainGroup = E63C404F1C941A1B002FC0F2;
			productRefGroup = E63C40591C941A1B002FC0F2 /* Products */;
			projectDirPath = "";
			projectRoot = "";
			targets = (
				E63C40571C941A1B002FC0F2 /* mylittlemonster */,
			);
		};
/* End PBXProject section */

/* Begin PBXResourcesBuildPhase section */
		E63C40561C941A1B002FC0F2 /* Resources */ = {
			isa = PBXResourcesBuildPhase;
			buildActionMask = 2147483647;
			files = (
				E60064F21C977D41004A2AB4 /* skull.wav in Resources */,
				E60064EE1C977D41004A2AB4 /* bite.wav in Resources */,
				E60064F01C977D41004A2AB4 /* death.wav in Resources */,
				E60064F11C977D41004A2AB4 /* heart.wav in Resources */,
				E60064EF1C977D41004A2AB4 /* cave-music.mp3 in Resources */,
				E63C40661C941A1B002FC0F2 /* LaunchScreen.storyboard in Resources */,
				E63C40631C941A1B002FC0F2 /* Assets.xcassets in Resources */,
				E63C40611C941A1B002FC0F2 /* Main.storyboard in Resources */,
			);
			runOnlyForDeploymentPostprocessing = 0;
		};
/* End PBXResourcesBuildPhase section */

/* Begin PBXSourcesBuildPhase section */
		E63C40541C941A1B002FC0F2 /* Sources */ = {
			isa = PBXSourcesBuildPhase;
			buildActionMask = 2147483647;
			files = (
				E682B99B1C9558E900819B6D /* MonsterImg.swift in Sources */,
				E63C406E1C9426DA002FC0F2 /* DragImg.swift in Sources */,
				E63C405E1C941A1B002FC0F2 /* ViewController.swift in Sources */,
				E63C405C1C941A1B002FC0F2 /* AppDelegate.swift in Sources */,
			);
			runOnlyForDeploymentPostprocessing = 0;
		};
/* End PBXSourcesBuildPhase section */

/* Begin PBXVariantGroup section */
		E63C405F1C941A1B002FC0F2 /* Main.storyboard */ = {
			isa = PBXVariantGroup;
			children = (
				E63C40601C941A1B002FC0F2 /* Base */,
			);
			name = Main.storyboard;
			sourceTree = "<group>";
		};
		E63C40641C941A1B002FC0F2 /* LaunchScreen.storyboard */ = {
			isa = PBXVariantGroup;
			children = (
				E63C40651C941A1B002FC0F2 /* Base */,
			);
			name = LaunchScreen.storyboard;
			sourceTree = "<group>";
		};
/* End PBXVariantGroup section */

/* Begin XCBuildConfiguration section */
		E63C40681C941A1B002FC0F2 /* Debug */ = {
			isa = XCBuildConfiguration;
			buildSettings = {
				ALWAYS_SEARCH_USER_PATHS = NO;
				CLANG_CXX_LANGUAGE_STANDARD = "gnu++0x";
				CLANG_CXX_LIBRARY = "libc++";
				CLANG_ENABLE_MODULES = YES;
				CLANG_ENABLE_OBJC_ARC = YES;
				CLANG_WARN_BOOL_CONVERSION = YES;
				CLANG_WARN_CONSTANT_CONVERSION = YES;
				CLANG_WARN_DIRECT_OBJC_ISA_USAGE = YES_ERROR;
				CLANG_WARN_EMPTY_BODY = YES;
				CLANG_WARN_ENUM_CONVERSION = YES;
				CLANG_WARN_INT_CONVERSION = YES;
				CLANG_WARN_OBJC_ROOT_CLASS = YES_ERROR;
				CLANG_WARN_UNREACHABLE_CODE = YES;
				CLANG_WARN__DUPLICATE_METHOD_MATCH = YES;
				"CODE_SIGN_IDENTITY[sdk=iphoneos*]" = "iPhone Developer";
				COPY_PHASE_STRIP = NO;
				DEBUG_INFORMATION_FORMAT = dwarf;
				ENABLE_STRICT_OBJC_MSGSEND = YES;
				ENABLE_TESTABILITY = YES;
				GCC_C_LANGUAGE_STANDARD = gnu99;
				GCC_DYNAMIC_NO_PIC = NO;
				GCC_NO_COMMON_BLOCKS = YES;
				GCC_OPTIMIZATION_LEVEL = 0;
				GCC_PREPROCESSOR_DEFINITIONS = (
					"DEBUG=1",
					"$(inherited)",
				);
				GCC_WARN_64_TO_32_BIT_CONVERSION = YES;
				GCC_WARN_ABOUT_RETURN_TYPE = YES_ERROR;
				GCC_WARN_UNDECLARED_SELECTOR = YES;
				GCC_WARN_UNINITIALIZED_AUTOS = YES_AGGRESSIVE;
				GCC_WARN_UNUSED_FUNCTION = YES;
				GCC_WARN_UNUSED_VARIABLE = YES;
				IPHONEOS_DEPLOYMENT_TARGET = 9.2;
				MTL_ENABLE_DEBUG_INFO = YES;
				ONLY_ACTIVE_ARCH = YES;
				SDKROOT = iphoneos;
				SWIFT_OPTIMIZATION_LEVEL = "-Onone";
			};
			name = Debug;
		};
		E63C40691C941A1B002FC0F2 /* Release */ = {
			isa = XCBuildConfiguration;
			buildSettings = {
				ALWAYS_SEARCH_USER_PATHS = NO;
				CLANG_CXX_LANGUAGE_STANDARD = "gnu++0x";
				CLANG_CXX_LIBRARY = "libc++";
				CLANG_ENABLE_MODULES = YES;
				CLANG_ENABLE_OBJC_ARC = YES;
				CLANG_WARN_BOOL_CONVERSION = YES;
				CLANG_WARN_CONSTANT_CONVERSION = YES;
				CLANG_WARN_DIRECT_OBJC_ISA_USAGE = YES_ERROR;
				CLANG_WARN_EMPTY_BODY = YES;
				CLANG_WARN_ENUM_CONVERSION = YES;
				CLANG_WARN_INT_CONVERSION = YES;
				CLANG_WARN_OBJC_ROOT_CLASS = YES_ERROR;
				CLANG_WARN_UNREACHABLE_CODE = YES;
				CLANG_WARN__DUPLICATE_METHOD_MATCH = YES;
				"CODE_SIGN_IDENTITY[sdk=iphoneos*]" = "iPhone Developer";
				COPY_PHASE_STRIP = NO;
				DEBUG_INFORMATION_FORMAT = "dwarf-with-dsym";
				ENABLE_NS_ASSERTIONS = NO;
				ENABLE_STRICT_OBJC_MSGSEND = YES;
				GCC_C_LANGUAGE_STANDARD = gnu99;
				GCC_NO_COMMON_BLOCKS = YES;
				GCC_WARN_64_TO_32_BIT_CONVERSION = YES;
				GCC_WARN_ABOUT_RETURN_TYPE = YES_ERROR;
				GCC_WARN_UNDECLARED_SELECTOR = YES;
				GCC_WARN_UNINITIALIZED_AUTOS = YES_AGGRESSIVE;
				GCC_WARN_UNUSED_FUNCTION = YES;
				GCC_WARN_UNUSED_VARIABLE = YES;
				IPHONEOS_DEPLOYMENT_TARGET = 9.2;
				MTL_ENABLE_DEBUG_INFO = NO;
				SDKROOT = iphoneos;
				VALIDATE_PRODUCT = YES;
			};
			name = Release;
		};
		E63C406B1C941A1B002FC0F2 /* Debug */ = {
			isa = XCBuildConfiguration;
			buildSettings = {
				ASSETCATALOG_COMPILER_APPICON_NAME = AppIcon;
				INFOPLIST_FILE = mylittlemonster/Info.plist;
				LD_RUNPATH_SEARCH_PATHS = "$(inherited) @executable_path/Frameworks";
				PRODUCT_BUNDLE_IDENTIFIER = com.prophenapps.mylittlemonster;
				PRODUCT_NAME = "$(TARGET_NAME)";
				TARGETED_DEVICE_FAMILY = "1,2";
			};
			name = Debug;
		};
		E63C406C1C941A1B002FC0F2 /* Release */ = {
			isa = XCBuildConfiguration;
			buildSettings = {
				ASSETCATALOG_COMPILER_APPICON_NAME = AppIcon;
				INFOPLIST_FILE = mylittlemonster/Info.plist;
				LD_RUNPATH_SEARCH_PATHS = "$(inherited) @executable_path/Frameworks";
				PRODUCT_BUNDLE_IDENTIFIER = com.prophenapps.mylittlemonster;
				PRODUCT_NAME = "$(TARGET_NAME)";
				TARGETED_DEVICE_FAMILY = "1,2";
			};
			name = Release;
		};
/* End XCBuildConfiguration section */

/* Begin XCConfigurationList section */
		E63C40531C941A1B002FC0F2 /* Build configuration list for PBXProject "mylittlemonster" */ = {
			isa = XCConfigurationList;
			buildConfigurations = (
				E63C40681C941A1B002FC0F2 /* Debug */,
				E63C40691C941A1B002FC0F2 /* Release */,
			);
			defaultConfigurationIsVisible = 0;
			defaultConfigurationName = Release;
		};
		E63C406A1C941A1B002FC0F2 /* Build configuration list for PBXNativeTarget "mylittlemonster" */ = {
			isa = XCConfigurationList;
			buildConfigurations = (
				E63C406B1C941A1B002FC0F2 /* Debug */,
				E63C406C1C941A1B002FC0F2 /* Release */,
			);
			defaultConfigurationIsVisible = 0;
			defaultConfigurationName = Release;
		};
/* End XCConfigurationList section */
	};
	rootObject = E63C40501C941A1B002FC0F2 /* Project object */;
}
